// !$*UTF8*$!
{
	archiveVersion = 1;
	classes = {
	};
	objectVersion = 55;
	objects = {

/* Begin PBXBuildFile section */
		333C9B0B2A9EA1AE0088355B /* Aubrey.swift in Sources */ = {isa = PBXBuildFile; fileRef = 333C9B0A2A9EA1AE0088355B /* Aubrey.swift */; };
		333C9B132A9EA1D60088355B /* Discord in Frameworks */ = {isa = PBXBuildFile; productRef = 333C9B122A9EA1D60088355B /* Discord */; settings = {ATTRIBUTES = (Required, ); }; };
		333C9B1C2A9EDE440088355B /* Variables.swift in Sources */ = {isa = PBXBuildFile; fileRef = 333C9B1B2A9EDE440088355B /* Variables.swift */; };
		3348280C2AF9DF6A00104956 /* Logging.swift in Sources */ = {isa = PBXBuildFile; fileRef = 3348280B2AF9DF6A00104956 /* Logging.swift */; };
		3348280E2AFB4BB100104956 /* Buttons.swift in Sources */ = {isa = PBXBuildFile; fileRef = 3348280D2AFB4BB100104956 /* Buttons.swift */; };
		334828102AFB627400104956 /* utils.swift in Sources */ = {isa = PBXBuildFile; fileRef = 3348280F2AFB627400104956 /* utils.swift */; };
		3393D55B2A9EECD90058EBAA /* Listener.swift in Sources */ = {isa = PBXBuildFile; fileRef = 3393D55A2A9EECD90058EBAA /* Listener.swift */; };
		33D039132A9EFD7E00CF0C29 /* Slash.swift in Sources */ = {isa = PBXBuildFile; fileRef = 33D039122A9EFD7E00CF0C29 /* Slash.swift */; };
/* End PBXBuildFile section */

/* Begin PBXCopyFilesBuildPhase section */
		333C9B052A9EA1AE0088355B /* CopyFiles */ = {
			isa = PBXCopyFilesBuildPhase;
			buildActionMask = 2147483647;
			dstPath = /usr/share/man/man1/;
			dstSubfolderSpec = 0;
			files = (
			);
			runOnlyForDeploymentPostprocessing = 1;
		};
/* End PBXCopyFilesBuildPhase section */

/* Begin PBXFileReference section */
		333C9B072A9EA1AE0088355B /* aubrey */ = {isa = PBXFileReference; explicitFileType = "compiled.mach-o.executable"; includeInIndex = 0; path = aubrey; sourceTree = BUILT_PRODUCTS_DIR; };
		333C9B0A2A9EA1AE0088355B /* Aubrey.swift */ = {isa = PBXFileReference; lastKnownFileType = sourcecode.swift; path = Aubrey.swift; sourceTree = "<group>"; };
		333C9B162A9EA4FA0088355B /* botconfig.h */ = {isa = PBXFileReference; lastKnownFileType = sourcecode.c.h; path = botconfig.h; sourceTree = "<group>"; };
		333C9B172A9EA6790088355B /* module.modulemap */ = {isa = PBXFileReference; lastKnownFileType = "sourcecode.module-map"; path = module.modulemap; sourceTree = "<group>"; };
		333C9B1B2A9EDE440088355B /* Variables.swift */ = {isa = PBXFileReference; lastKnownFileType = sourcecode.swift; path = Variables.swift; sourceTree = "<group>"; };
		3348280B2AF9DF6A00104956 /* Logging.swift */ = {isa = PBXFileReference; lastKnownFileType = sourcecode.swift; path = Logging.swift; sourceTree = "<group>"; };
		3348280D2AFB4BB100104956 /* Buttons.swift */ = {isa = PBXFileReference; lastKnownFileType = sourcecode.swift; path = Buttons.swift; sourceTree = "<group>"; };
		3348280F2AFB627400104956 /* utils.swift */ = {isa = PBXFileReference; lastKnownFileType = sourcecode.swift; path = utils.swift; sourceTree = "<group>"; };
		3393D55A2A9EECD90058EBAA /* Listener.swift */ = {isa = PBXFileReference; lastKnownFileType = sourcecode.swift; path = Listener.swift; sourceTree = "<group>"; };
		33D039122A9EFD7E00CF0C29 /* Slash.swift */ = {isa = PBXFileReference; lastKnownFileType = sourcecode.swift; path = Slash.swift; sourceTree = "<group>"; };
/* End PBXFileReference section */

/* Begin PBXFrameworksBuildPhase section */
		333C9B042A9EA1AE0088355B /* Frameworks */ = {
			isa = PBXFrameworksBuildPhase;
			buildActionMask = 2147483647;
			files = (
				333C9B132A9EA1D60088355B /* Discord in Frameworks */,
			);
			runOnlyForDeploymentPostprocessing = 0;
		};
/* End PBXFrameworksBuildPhase section */

/* Begin PBXGroup section */
		333C9AFE2A9EA1AE0088355B = {
			isa = PBXGroup;
			children = (
				333C9B1A2A9EA9AA0088355B /* conf */,
				333C9B092A9EA1AE0088355B /* aubrey */,
				333C9B082A9EA1AE0088355B /* Products */,
			);
			sourceTree = "<group>";
		};
		333C9B082A9EA1AE0088355B /* Products */ = {
			isa = PBXGroup;
			children = (
				333C9B072A9EA1AE0088355B /* aubrey */,
			);
			name = Products;
			sourceTree = "<group>";
		};
		333C9B092A9EA1AE0088355B /* aubrey */ = {
			isa = PBXGroup;
			children = (
				333C9B0A2A9EA1AE0088355B /* Aubrey.swift */,
				3348280B2AF9DF6A00104956 /* Logging.swift */,
				333C9B1B2A9EDE440088355B /* Variables.swift */,
				33D039112A9EFD6600CF0C29 /* Commands */,
				3348280F2AFB627400104956 /* utils.swift */,
			);
			path = aubrey;
			sourceTree = "<group>";
		};
		333C9B1A2A9EA9AA0088355B /* conf */ = {
			isa = PBXGroup;
			children = (
				333C9B162A9EA4FA0088355B /* botconfig.h */,
				333C9B172A9EA6790088355B /* module.modulemap */,
			);
			path = conf;
			sourceTree = "<group>";
		};
		33D039112A9EFD6600CF0C29 /* Commands */ = {
			isa = PBXGroup;
			children = (
				3393D55A2A9EECD90058EBAA /* Listener.swift */,
				33D039122A9EFD7E00CF0C29 /* Slash.swift */,
				3348280D2AFB4BB100104956 /* Buttons.swift */,
			);
			path = Commands;
			sourceTree = "<group>";
		};
/* End PBXGroup section */

/* Begin PBXNativeTarget section */
		333C9B062A9EA1AE0088355B /* aubrey */ = {
			isa = PBXNativeTarget;
			buildConfigurationList = 333C9B0E2A9EA1AE0088355B /* Build configuration list for PBXNativeTarget "aubrey" */;
			buildPhases = (
				333C9B032A9EA1AE0088355B /* Sources */,
				333C9B042A9EA1AE0088355B /* Frameworks */,
				333C9B052A9EA1AE0088355B /* CopyFiles */,
			);
			buildRules = (
			);
			dependencies = (
			);
			name = aubrey;
			packageProductDependencies = (
				333C9B122A9EA1D60088355B /* Discord */,
			);
			productName = aubrey;
			productReference = 333C9B072A9EA1AE0088355B /* aubrey */;
			productType = "com.apple.product-type.tool";
		};
/* End PBXNativeTarget section */

/* Begin PBXProject section */
		333C9AFF2A9EA1AE0088355B /* Project object */ = {
			isa = PBXProject;
			attributes = {
				BuildIndependentTargetsInParallel = 1;
				LastSwiftUpdateCheck = 1500;
				LastUpgradeCheck = 1500;
				TargetAttributes = {
					333C9B062A9EA1AE0088355B = {
						CreatedOnToolsVersion = 15.0;
					};
				};
			};
			buildConfigurationList = 333C9B022A9EA1AE0088355B /* Build configuration list for PBXProject "aubrey" */;
			compatibilityVersion = "Xcode 13.0";
			developmentRegion = en;
			hasScannedForEncodings = 0;
			knownRegions = (
				en,
				Base,
			);
			mainGroup = 333C9AFE2A9EA1AE0088355B;
			packageReferences = (
				333C9B112A9EA1D60088355B /* XCRemoteSwiftPackageReference "Discord" */,
			);
			productRefGroup = 333C9B082A9EA1AE0088355B /* Products */;
			projectDirPath = "";
			projectRoot = "";
			targets = (
				333C9B062A9EA1AE0088355B /* aubrey */,
			);
		};
/* End PBXProject section */

/* Begin PBXSourcesBuildPhase section */
		333C9B032A9EA1AE0088355B /* Sources */ = {
			isa = PBXSourcesBuildPhase;
			buildActionMask = 2147483647;
			files = (
				333C9B0B2A9EA1AE0088355B /* Aubrey.swift in Sources */,
				334828102AFB627400104956 /* utils.swift in Sources */,
				3348280C2AF9DF6A00104956 /* Logging.swift in Sources */,
				33D039132A9EFD7E00CF0C29 /* Slash.swift in Sources */,
				3348280E2AFB4BB100104956 /* Buttons.swift in Sources */,
				3393D55B2A9EECD90058EBAA /* Listener.swift in Sources */,
				333C9B1C2A9EDE440088355B /* Variables.swift in Sources */,
			);
			runOnlyForDeploymentPostprocessing = 0;
		};
/* End PBXSourcesBuildPhase section */

/* Begin XCBuildConfiguration section */
		333C9B0C2A9EA1AE0088355B /* Debug */ = {
			isa = XCBuildConfiguration;
			buildSettings = {
				ALWAYS_SEARCH_USER_PATHS = NO;
				ASSETCATALOG_COMPILER_GENERATE_SWIFT_ASSET_SYMBOL_EXTENSIONS = YES;
				CLANG_ANALYZER_NONNULL = YES;
				CLANG_ANALYZER_NUMBER_OBJECT_CONVERSION = YES_AGGRESSIVE;
				CLANG_CXX_LANGUAGE_STANDARD = "gnu++20";
				CLANG_ENABLE_MODULES = YES;
				CLANG_ENABLE_OBJC_ARC = YES;
				CLANG_ENABLE_OBJC_WEAK = YES;
				CLANG_WARN_BLOCK_CAPTURE_AUTORELEASING = YES;
				CLANG_WARN_BOOL_CONVERSION = YES;
				CLANG_WARN_COMMA = YES;
				CLANG_WARN_CONSTANT_CONVERSION = YES;
				CLANG_WARN_DEPRECATED_OBJC_IMPLEMENTATIONS = YES;
				CLANG_WARN_DIRECT_OBJC_ISA_USAGE = YES_ERROR;
				CLANG_WARN_DOCUMENTATION_COMMENTS = YES;
				CLANG_WARN_EMPTY_BODY = YES;
				CLANG_WARN_ENUM_CONVERSION = YES;
				CLANG_WARN_INFINITE_RECURSION = YES;
				CLANG_WARN_INT_CONVERSION = YES;
				CLANG_WARN_NON_LITERAL_NULL_CONVERSION = YES;
				CLANG_WARN_OBJC_IMPLICIT_RETAIN_SELF = YES;
				CLANG_WARN_OBJC_LITERAL_CONVERSION = YES;
				CLANG_WARN_OBJC_ROOT_CLASS = YES_ERROR;
				CLANG_WARN_QUOTED_INCLUDE_IN_FRAMEWORK_HEADER = YES;
				CLANG_WARN_RANGE_LOOP_ANALYSIS = YES;
				CLANG_WARN_STRICT_PROTOTYPES = YES;
				CLANG_WARN_SUSPICIOUS_MOVE = YES;
				CLANG_WARN_UNGUARDED_AVAILABILITY = YES_AGGRESSIVE;
				CLANG_WARN_UNREACHABLE_CODE = YES;
				CLANG_WARN__DUPLICATE_METHOD_MATCH = YES;
				COPY_PHASE_STRIP = NO;
				DEBUG_INFORMATION_FORMAT = dwarf;
				ENABLE_STRICT_OBJC_MSGSEND = YES;
				ENABLE_TESTABILITY = YES;
				ENABLE_USER_SCRIPT_SANDBOXING = YES;
				GCC_C_LANGUAGE_STANDARD = gnu17;
				GCC_DYNAMIC_NO_PIC = NO;
				GCC_NO_COMMON_BLOCKS = YES;
				GCC_OPTIMIZATION_LEVEL = 0;
				GCC_PREPROCESSOR_DEFINITIONS = (
					"DEBUG=1",
					"$(inherited)",
				);
				GCC_WARN_64_TO_32_BIT_CONVERSION = YES;
				GCC_WARN_ABOUT_RETURN_TYPE = YES_ERROR;
				GCC_WARN_UNDECLARED_SELECTOR = YES;
				GCC_WARN_UNINITIALIZED_AUTOS = YES_AGGRESSIVE;
				GCC_WARN_UNUSED_FUNCTION = YES;
				GCC_WARN_UNUSED_VARIABLE = YES;
				LOCALIZATION_PREFERS_STRING_CATALOGS = YES;
				MACOSX_DEPLOYMENT_TARGET = 14.0;
				MTL_ENABLE_DEBUG_INFO = INCLUDE_SOURCE;
				MTL_FAST_MATH = YES;
				ONLY_ACTIVE_ARCH = YES;
				SDKROOT = macosx;
				SWIFT_ACTIVE_COMPILATION_CONDITIONS = "DEBUG $(inherited)";
				SWIFT_OPTIMIZATION_LEVEL = "-Onone";
			};
			name = Debug;
		};
		333C9B0D2A9EA1AE0088355B /* Release */ = {
			isa = XCBuildConfiguration;
			buildSettings = {
				ALWAYS_SEARCH_USER_PATHS = NO;
				ASSETCATALOG_COMPILER_GENERATE_SWIFT_ASSET_SYMBOL_EXTENSIONS = YES;
				CLANG_ANALYZER_NONNULL = YES;
				CLANG_ANALYZER_NUMBER_OBJECT_CONVERSION = YES_AGGRESSIVE;
				CLANG_CXX_LANGUAGE_STANDARD = "gnu++20";
				CLANG_ENABLE_MODULES = YES;
				CLANG_ENABLE_OBJC_ARC = YES;
				CLANG_ENABLE_OBJC_WEAK = YES;
				CLANG_WARN_BLOCK_CAPTURE_AUTORELEASING = YES;
				CLANG_WARN_BOOL_CONVERSION = YES;
				CLANG_WARN_COMMA = YES;
				CLANG_WARN_CONSTANT_CONVERSION = YES;
				CLANG_WARN_DEPRECATED_OBJC_IMPLEMENTATIONS = YES;
				CLANG_WARN_DIRECT_OBJC_ISA_USAGE = YES_ERROR;
				CLANG_WARN_DOCUMENTATION_COMMENTS = YES;
				CLANG_WARN_EMPTY_BODY = YES;
				CLANG_WARN_ENUM_CONVERSION = YES;
				CLANG_WARN_INFINITE_RECURSION = YES;
				CLANG_WARN_INT_CONVERSION = YES;
				CLANG_WARN_NON_LITERAL_NULL_CONVERSION = YES;
				CLANG_WARN_OBJC_IMPLICIT_RETAIN_SELF = YES;
				CLANG_WARN_OBJC_LITERAL_CONVERSION = YES;
				CLANG_WARN_OBJC_ROOT_CLASS = YES_ERROR;
				CLANG_WARN_QUOTED_INCLUDE_IN_FRAMEWORK_HEADER = YES;
				CLANG_WARN_RANGE_LOOP_ANALYSIS = YES;
				CLANG_WARN_STRICT_PROTOTYPES = YES;
				CLANG_WARN_SUSPICIOUS_MOVE = YES;
				CLANG_WARN_UNGUARDED_AVAILABILITY = YES_AGGRESSIVE;
				CLANG_WARN_UNREACHABLE_CODE = YES;
				CLANG_WARN__DUPLICATE_METHOD_MATCH = YES;
				COPY_PHASE_STRIP = NO;
				DEBUG_INFORMATION_FORMAT = "dwarf-with-dsym";
				ENABLE_NS_ASSERTIONS = NO;
				ENABLE_STRICT_OBJC_MSGSEND = YES;
				ENABLE_USER_SCRIPT_SANDBOXING = YES;
				GCC_C_LANGUAGE_STANDARD = gnu17;
				GCC_NO_COMMON_BLOCKS = YES;
				GCC_WARN_64_TO_32_BIT_CONVERSION = YES;
				GCC_WARN_ABOUT_RETURN_TYPE = YES_ERROR;
				GCC_WARN_UNDECLARED_SELECTOR = YES;
				GCC_WARN_UNINITIALIZED_AUTOS = YES_AGGRESSIVE;
				GCC_WARN_UNUSED_FUNCTION = YES;
				GCC_WARN_UNUSED_VARIABLE = YES;
				LOCALIZATION_PREFERS_STRING_CATALOGS = YES;
				MACOSX_DEPLOYMENT_TARGET = 14.0;
				MTL_ENABLE_DEBUG_INFO = NO;
				MTL_FAST_MATH = YES;
				SDKROOT = macosx;
				SWIFT_COMPILATION_MODE = wholemodule;
			};
			name = Release;
		};
		333C9B0F2A9EA1AE0088355B /* Debug */ = {
			isa = XCBuildConfiguration;
			buildSettings = {
				CODE_SIGN_STYLE = Automatic;
				HEADER_SEARCH_PATHS = "";
				PRODUCT_NAME = "$(TARGET_NAME)";
				SWIFT_INCLUDE_PATHS = "$(SRCROOT)/conf";
				SWIFT_VERSION = 5.0;
				USER_HEADER_SEARCH_PATHS = "";
			};
			name = Debug;
		};
		333C9B102A9EA1AE0088355B /* Release */ = {
			isa = XCBuildConfiguration;
			buildSettings = {
				CODE_SIGN_STYLE = Automatic;
				PRODUCT_NAME = "$(TARGET_NAME)";
				SWIFT_INCLUDE_PATHS = "$(SRCROOT)/conf";
				SWIFT_VERSION = 5.0;
				USER_HEADER_SEARCH_PATHS = "";
			};
			name = Release;
		};
/* End XCBuildConfiguration section */

/* Begin XCConfigurationList section */
		333C9B022A9EA1AE0088355B /* Build configuration list for PBXProject "aubrey" */ = {
			isa = XCConfigurationList;
			buildConfigurations = (
				333C9B0C2A9EA1AE0088355B /* Debug */,
				333C9B0D2A9EA1AE0088355B /* Release */,
			);
			defaultConfigurationIsVisible = 0;
			defaultConfigurationName = Release;
		};
		333C9B0E2A9EA1AE0088355B /* Build configuration list for PBXNativeTarget "aubrey" */ = {
			isa = XCConfigurationList;
			buildConfigurations = (
				333C9B0F2A9EA1AE0088355B /* Debug */,
				333C9B102A9EA1AE0088355B /* Release */,
			);
			defaultConfigurationIsVisible = 0;
			defaultConfigurationName = Release;
		};
/* End XCConfigurationList section */

/* Begin XCRemoteSwiftPackageReference section */
		333C9B112A9EA1D60088355B /* XCRemoteSwiftPackageReference "Discord" */ = {
			isa = XCRemoteSwiftPackageReference;
			repositoryURL = "https://github.com/Defxult/Discord.swift";
			requirement = {
				branch = main;
				kind = branch;
			};
		};
/* End XCRemoteSwiftPackageReference section */

/* Begin XCSwiftPackageProductDependency section */
		333C9B122A9EA1D60088355B /* Discord */ = {
			isa = XCSwiftPackageProductDependency;
			package = 333C9B112A9EA1D60088355B /* XCRemoteSwiftPackageReference "Discord" */;
			productName = Discord;
		};
/* End XCSwiftPackageProductDependency section */
	};
	rootObject = 333C9AFF2A9EA1AE0088355B /* Project object */;
}
